
Microsoft Visual Studio Solution File, Format Version 12.00
# Visual Studio Version 17
VisualStudioVersion = 17.1.32319.34
MinimumVisualStudioVersion = 10.0.40219.1
Project("{8BC9CEB8-8B4A-11D0-8D11-00A0C91BC942}") = "0309", "0309.vcxproj", "{D6E46126-93CB-46ED-AF03-EEC723BA0AC5}"
EndProject
Global
	GlobalSection(SolutionConfigurationPlatforms) = preSolution
		Debug|x64 = Debug|x64
		Debug|x86 = Debug|x86
		Release|x64 = Release|x64
		Release|x86 = Release|x86
	EndGlobalSection
	GlobalSection(ProjectConfigurationPlatforms) = postSolution
		{D6E46126-93CB-46ED-AF03-EEC723BA0AC5}.Debug|x64.ActiveCfg = Debug|x64
		{D6E46126-93CB-46ED-AF03-EEC723BA0AC5}.Debug|x64.Build.0 = Debug|x64
		{D6E46126-93CB-46ED-AF03-EEC723BA0AC5}.Debug|x86.ActiveCfg = Debug|Win32
		{D6E46126-93CB-46ED-AF03-EEC723BA0AC5}.Debug|x86.Build.0 = Debug|Win32
		{D6E46126-93CB-46ED-AF03-EEC723BA0AC5}.Release|x64.ActiveCfg = Release|x64
		{D6E46126-93CB-46ED-AF03-EEC723BA0AC5}.Release|x64.Build.0 = Release|x64
		{D6E46126-93CB-46ED-AF03-EEC723BA0AC5}.Release|x86.ActiveCfg = Release|Win32
		{D6E46126-93CB-46ED-AF03-EEC723BA0AC5}.Release|x86.Build.0 = Release|Win32
	EndGlobalSection
	GlobalSection(SolutionProperties) = preSolution
		HideSolutionNode = FALSE
	EndGlobalSection
	GlobalSection(ExtensibilityGlobals) = postSolution
		SolutionGuid = {7B75AAF4-0D41-47A5-93B6-C0F4E36DDDF7}
	EndGlobalSection
EndGlobal
